{
    "_meta": {
        "hash": {
            "sha256": "c5a81eeb16dbc93e7a84acc41e385c2922d5be511d7752032a8cc7420bed032a"
        },
        "pipfile-spec": 6,
        "requires": {
            "python_version": "3.10"
        },
        "sources": [
            {
                "name": "pypi",
                "url": "https://pypi.org/simple",
                "verify_ssl": true
            }
        ]
    },
    "default": {
        "peewee": {
            "hashes": [
                "sha256:2581520c8dfbacd9d580c2719ae259f0637a9e46eda47dfc0ce01864c6366205"
            ],
            "index": "pypi",
            "version": "==3.15.4"
        }
    },
    "develop": {}
}
