{
    "_meta": {
        "hash": {
            "sha256": "e9983af59c8942f040480460030e4d136bc53e1792c8c3cb11268ce9dd942b9b"
        },
        "pipfile-spec": 6,
        "requires": {
            "python_version": "3.8"
        },
        "sources": [
            {
                "name": "pypi",
                "url": "https://pypi.org/simple",
                "verify_ssl": true
            }
        ]
    },
    "default": {
        "click": {
            "hashes": [
                "sha256:7682dc8afb30297001674575ea00d1814d808d6a36af415a82bd481d37ba7b8e",
                "sha256:bb4d8133cb15a609f44e8213d9b391b0809795062913b383c62be0ee95b1db48"
            ],
            "version": "==8.1.3"
        },
        "peewee": {
            "hashes": [
                "sha256:2581520c8dfbacd9d580c2719ae259f0637a9e46eda47dfc0ce01864c6366205"
            ],
            "index": "pypi",
            "version": "==3.15.4"
        },
        "peewee-migrations": {
            "hashes": [
                "sha256:225ccff8535e9d8b4b8aa4697d1d93eca5f651477708f6dfeb60168256e976fb",
                "sha256:813f7089946aa26228d1e40daa0c30746ca94b805a449cc930f499ca32f5929f"
            ],
            "index": "pypi",
            "version": "==0.3.32"
        },
        "pymysql": {
            "hashes": [
                "sha256:41fc3a0c5013d5f039639442321185532e3e2c8924687abe6537de157d403641",
                "sha256:816927a350f38d56072aeca5dfb10221fe1dc653745853d30a216637f5d7ad36"
            ],
            "index": "pypi",
            "version": "==1.0.2"
        }
    },
    "develop": {}
}
